// !$*UTF8*$!
{
	archiveVersion = 1;
	classes = {
	};
	objectVersion = 56;
	objects = {

/* Begin PBXBuildFile section */
		76C131142D80348C00E023C8 /* AppDelegate.swift in Sources */ = {isa = PBXBuildFile; fileRef = 76C131132D80348C00E023C8 /* AppDelegate.swift */; };
		76C131162D80348C00E023C8 /* SceneDelegate.swift in Sources */ = {isa = PBXBuildFile; fileRef = 76C131152D80348C00E023C8 /* SceneDelegate.swift */; };
		76C131182D80348C00E023C8 /* ViewController.swift in Sources */ = {isa = PBXBuildFile; fileRef = 76C131172D80348C00E023C8 /* ViewController.swift */; };
		76C1311B2D80348D00E023C8 /* Main.storyboard in Resources */ = {isa = PBXBuildFile; fileRef = 76C131192D80348D00E023C8 /* Main.storyboard */; };
		76C1311D2D80348E00E023C8 /* Assets.xcassets in Resources */ = {isa = PBXBuildFile; fileRef = 76C1311C2D80348E00E023C8 /* Assets.xcassets */; };
		76C131202D80348E00E023C8 /* LaunchScreen.storyboard in Resources */ = {isa = PBXBuildFile; fileRef = 76C1311E2D80348E00E023C8 /* LaunchScreen.storyboard */; };
		76C1312B2D80351600E023C8 /* DataManager.swift in Sources */ = {isa = PBXBuildFile; fileRef = 76C1312A2D80351600E023C8 /* DataManager.swift */; };
		76C1312D2D80352500E023C8 /* ApiModels.swift in Sources */ = {isa = PBXBuildFile; fileRef = 76C1312C2D80352500E023C8 /* ApiModels.swift */; };
		76C1312F2D80401D00E023C8 /* WeatherGridCell.swift in Sources */ = {isa = PBXBuildFile; fileRef = 76C1312E2D80401D00E023C8 /* WeatherGridCell.swift */; };
/* End PBXBuildFile section */

/* Begin PBXFileReference section */
		76C131102D80348C00E023C8 /* WeatherApp-Dhruv.app */ = {isa = PBXFileReference; explicitFileType = wrapper.application; includeInIndex = 0; path = "WeatherApp-Dhruv.app"; sourceTree = BUILT_PRODUCTS_DIR; };
		76C131132D80348C00E023C8 /* AppDelegate.swift */ = {isa = PBXFileReference; lastKnownFileType = sourcecode.swift; path = AppDelegate.swift; sourceTree = "<group>"; };
		76C131152D80348C00E023C8 /* SceneDelegate.swift */ = {isa = PBXFileReference; lastKnownFileType = sourcecode.swift; path = SceneDelegate.swift; sourceTree = "<group>"; };
		76C131172D80348C00E023C8 /* ViewController.swift */ = {isa = PBXFileReference; lastKnownFileType = sourcecode.swift; path = ViewController.swift; sourceTree = "<group>"; };
		76C1311A2D80348D00E023C8 /* Base */ = {isa = PBXFileReference; lastKnownFileType = file.storyboard; name = Base; path = Base.lproj/Main.storyboard; sourceTree = "<group>"; };
		76C1311C2D80348E00E023C8 /* Assets.xcassets */ = {isa = PBXFileReference; lastKnownFileType = folder.assetcatalog; path = Assets.xcassets; sourceTree = "<group>"; };
		76C1311F2D80348E00E023C8 /* Base */ = {isa = PBXFileReference; lastKnownFileType = file.storyboard; name = Base; path = Base.lproj/LaunchScreen.storyboard; sourceTree = "<group>"; };
		76C131212D80348E00E023C8 /* Info.plist */ = {isa = PBXFileReference; lastKnownFileType = text.plist.xml; path = Info.plist; sourceTree = "<group>"; };
		76C1312A2D80351600E023C8 /* DataManager.swift */ = {isa = PBXFileReference; lastKnownFileType = sourcecode.swift; path = DataManager.swift; sourceTree = "<group>"; };
		76C1312C2D80352500E023C8 /* ApiModels.swift */ = {isa = PBXFileReference; lastKnownFileType = sourcecode.swift; path = ApiModels.swift; sourceTree = "<group>"; };
		76C1312E2D80401D00E023C8 /* WeatherGridCell.swift */ = {isa = PBXFileReference; lastKnownFileType = sourcecode.swift; path = WeatherGridCell.swift; sourceTree = "<group>"; };
/* End PBXFileReference section */

/* Begin PBXFrameworksBuildPhase section */
		76C1310D2D80348C00E023C8 /* Frameworks */ = {
			isa = PBXFrameworksBuildPhase;
			buildActionMask = 2147483647;
			files = (
			);
			runOnlyForDeploymentPostprocessing = 0;
		};
/* End PBXFrameworksBuildPhase section */

/* Begin PBXGroup section */
		76C131072D80348C00E023C8 = {
			isa = PBXGroup;
			children = (
				76C131122D80348C00E023C8 /* WeatherApp-Dhruv */,
				76C131112D80348C00E023C8 /* Products */,
			);
			sourceTree = "<group>";
		};
		76C131112D80348C00E023C8 /* Products */ = {
			isa = PBXGroup;
			children = (
				76C131102D80348C00E023C8 /* WeatherApp-Dhruv.app */,
			);
			name = Products;
			sourceTree = "<group>";
		};
		76C131122D80348C00E023C8 /* WeatherApp-Dhruv */ = {
			isa = PBXGroup;
			children = (
				76C131132D80348C00E023C8 /* AppDelegate.swift */,
				76C131152D80348C00E023C8 /* SceneDelegate.swift */,
				76C131292D8034CB00E023C8 /* Model */,
				76C131272D8034B000E023C8 /* Controller */,
				76C131282D8034C000E023C8 /* View */,
				76C1311C2D80348E00E023C8 /* Assets.xcassets */,
				76C1311E2D80348E00E023C8 /* LaunchScreen.storyboard */,
				76C131212D80348E00E023C8 /* Info.plist */,
			);
			path = "WeatherApp-Dhruv";
			sourceTree = "<group>";
		};
		76C131272D8034B000E023C8 /* Controller */ = {
			isa = PBXGroup;
			children = (
				76C131172D80348C00E023C8 /* ViewController.swift */,
				76C1312E2D80401D00E023C8 /* WeatherGridCell.swift */,
			);
			path = Controller;
			sourceTree = "<group>";
		};
		76C131282D8034C000E023C8 /* View */ = {
			isa = PBXGroup;
			children = (
				76C131192D80348D00E023C8 /* Main.storyboard */,
			);
			path = View;
			sourceTree = "<group>";
		};
		76C131292D8034CB00E023C8 /* Model */ = {
			isa = PBXGroup;
			children = (
				76C1312A2D80351600E023C8 /* DataManager.swift */,
				76C1312C2D80352500E023C8 /* ApiModels.swift */,
			);
			path = Model;
			sourceTree = "<group>";
		};
/* End PBXGroup section */

/* Begin PBXNativeTarget section */
		76C1310F2D80348C00E023C8 /* WeatherApp-Dhruv */ = {
			isa = PBXNativeTarget;
			buildConfigurationList = 76C131242D80348E00E023C8 /* Build configuration list for PBXNativeTarget "WeatherApp-Dhruv" */;
			buildPhases = (
				76C1310C2D80348C00E023C8 /* Sources */,
				76C1310D2D80348C00E023C8 /* Frameworks */,
				76C1310E2D80348C00E023C8 /* Resources */,
			);
			buildRules = (
			);
			dependencies = (
			);
			name = "WeatherApp-Dhruv";
			productName = "WeatherApp-Dhruv";
			productReference = 76C131102D80348C00E023C8 /* WeatherApp-Dhruv.app */;
			productType = "com.apple.product-type.application";
		};
/* End PBXNativeTarget section */

/* Begin PBXProject section */
		76C131082D80348C00E023C8 /* Project object */ = {
			isa = PBXProject;
			attributes = {
				BuildIndependentTargetsInParallel = 1;
				LastSwiftUpdateCheck = 1500;
				LastUpgradeCheck = 1500;
				TargetAttributes = {
					76C1310F2D80348C00E023C8 = {
						CreatedOnToolsVersion = 15.0.1;
					};
				};
			};
			buildConfigurationList = 76C1310B2D80348C00E023C8 /* Build configuration list for PBXProject "WeatherApp-Dhruv" */;
			compatibilityVersion = "Xcode 14.0";
			developmentRegion = en;
			hasScannedForEncodings = 0;
			knownRegions = (
				en,
				Base,
			);
			mainGroup = 76C131072D80348C00E023C8;
			productRefGroup = 76C131112D80348C00E023C8 /* Products */;
			projectDirPath = "";
			projectRoot = "";
			targets = (
				76C1310F2D80348C00E023C8 /* WeatherApp-Dhruv */,
			);
		};
/* End PBXProject section */

/* Begin PBXResourcesBuildPhase section */
		76C1310E2D80348C00E023C8 /* Resources */ = {
			isa = PBXResourcesBuildPhase;
			buildActionMask = 2147483647;
			files = (
				76C131202D80348E00E023C8 /* LaunchScreen.storyboard in Resources */,
				76C1311D2D80348E00E023C8 /* Assets.xcassets in Resources */,
				76C1311B2D80348D00E023C8 /* Main.storyboard in Resources */,
			);
			runOnlyForDeploymentPostprocessing = 0;
		};
/* End PBXResourcesBuildPhase section */

/* Begin PBXSourcesBuildPhase section */
		76C1310C2D80348C00E023C8 /* Sources */ = {
			isa = PBXSourcesBuildPhase;
			buildActionMask = 2147483647;
			files = (
				76C131182D80348C00E023C8 /* ViewController.swift in Sources */,
				76C1312B2D80351600E023C8 /* DataManager.swift in Sources */,
				76C1312D2D80352500E023C8 /* ApiModels.swift in Sources */,
				76C131142D80348C00E023C8 /* AppDelegate.swift in Sources */,
				76C1312F2D80401D00E023C8 /* WeatherGridCell.swift in Sources */,
				76C131162D80348C00E023C8 /* SceneDelegate.swift in Sources */,
			);
			runOnlyForDeploymentPostprocessing = 0;
		};
/* End PBXSourcesBuildPhase section */

/* Begin PBXVariantGroup section */
		76C131192D80348D00E023C8 /* Main.storyboard */ = {
			isa = PBXVariantGroup;
			children = (
				76C1311A2D80348D00E023C8 /* Base */,
			);
			name = Main.storyboard;
			sourceTree = "<group>";
		};
		76C1311E2D80348E00E023C8 /* LaunchScreen.storyboard */ = {
			isa = PBXVariantGroup;
			children = (
				76C1311F2D80348E00E023C8 /* Base */,
			);
			name = LaunchScreen.storyboard;
			sourceTree = "<group>";
		};
/* End PBXVariantGroup section */

/* Begin XCBuildConfiguration section */
		76C131222D80348E00E023C8 /* Debug */ = {
			isa = XCBuildConfiguration;
			buildSettings = {
				ALWAYS_SEARCH_USER_PATHS = NO;
				ASSETCATALOG_COMPILER_GENERATE_SWIFT_ASSET_SYMBOL_EXTENSIONS = YES;
				CLANG_ANALYZER_NONNULL = YES;
				CLANG_ANALYZER_NUMBER_OBJECT_CONVERSION = YES_AGGRESSIVE;
				CLANG_CXX_LANGUAGE_STANDARD = "gnu++20";
				CLANG_ENABLE_MODULES = YES;
				CLANG_ENABLE_OBJC_ARC = YES;
				CLANG_ENABLE_OBJC_WEAK = YES;
				CLANG_WARN_BLOCK_CAPTURE_AUTORELEASING = YES;
				CLANG_WARN_BOOL_CONVERSION = YES;
				CLANG_WARN_COMMA = YES;
				CLANG_WARN_CONSTANT_CONVERSION = YES;
				CLANG_WARN_DEPRECATED_OBJC_IMPLEMENTATIONS = YES;
				CLANG_WARN_DIRECT_OBJC_ISA_USAGE = YES_ERROR;
				CLANG_WARN_DOCUMENTATION_COMMENTS = YES;
				CLANG_WARN_EMPTY_BODY = YES;
				CLANG_WARN_ENUM_CONVERSION = YES;
				CLANG_WARN_INFINITE_RECURSION = YES;
				CLANG_WARN_INT_CONVERSION = YES;
				CLANG_WARN_NON_LITERAL_NULL_CONVERSION = YES;
				CLANG_WARN_OBJC_IMPLICIT_RETAIN_SELF = YES;
				CLANG_WARN_OBJC_LITERAL_CONVERSION = YES;
				CLANG_WARN_OBJC_ROOT_CLASS = YES_ERROR;
				CLANG_WARN_QUOTED_INCLUDE_IN_FRAMEWORK_HEADER = YES;
				CLANG_WARN_RANGE_LOOP_ANALYSIS = YES;
				CLANG_WARN_STRICT_PROTOTYPES = YES;
				CLANG_WARN_SUSPICIOUS_MOVE = YES;
				CLANG_WARN_UNGUARDED_AVAILABILITY = YES_AGGRESSIVE;
				CLANG_WARN_UNREACHABLE_CODE = YES;
				CLANG_WARN__DUPLICATE_METHOD_MATCH = YES;
				COPY_PHASE_STRIP = NO;
				DEBUG_INFORMATION_FORMAT = dwarf;
				ENABLE_STRICT_OBJC_MSGSEND = YES;
				ENABLE_TESTABILITY = YES;
				ENABLE_USER_SCRIPT_SANDBOXING = YES;
				GCC_C_LANGUAGE_STANDARD = gnu17;
				GCC_DYNAMIC_NO_PIC = NO;
				GCC_NO_COMMON_BLOCKS = YES;
				GCC_OPTIMIZATION_LEVEL = 0;
				GCC_PREPROCESSOR_DEFINITIONS = (
					"DEBUG=1",
					"$(inherited)",
				);
				GCC_WARN_64_TO_32_BIT_CONVERSION = YES;
				GCC_WARN_ABOUT_RETURN_TYPE = YES_ERROR;
				GCC_WARN_UNDECLARED_SELECTOR = YES;
				GCC_WARN_UNINITIALIZED_AUTOS = YES_AGGRESSIVE;
				GCC_WARN_UNUSED_FUNCTION = YES;
				GCC_WARN_UNUSED_VARIABLE = YES;
				IPHONEOS_DEPLOYMENT_TARGET = 17.0;
				LOCALIZATION_PREFERS_STRING_CATALOGS = YES;
				MTL_ENABLE_DEBUG_INFO = INCLUDE_SOURCE;
				MTL_FAST_MATH = YES;
				ONLY_ACTIVE_ARCH = YES;
				SDKROOT = iphoneos;
				SWIFT_ACTIVE_COMPILATION_CONDITIONS = "DEBUG $(inherited)";
				SWIFT_OPTIMIZATION_LEVEL = "-Onone";
			};
			name = Debug;
		};
		76C131232D80348E00E023C8 /* Release */ = {
			isa = XCBuildConfiguration;
			buildSettings = {
				ALWAYS_SEARCH_USER_PATHS = NO;
				ASSETCATALOG_COMPILER_GENERATE_SWIFT_ASSET_SYMBOL_EXTENSIONS = YES;
				CLANG_ANALYZER_NONNULL = YES;
				CLANG_ANALYZER_NUMBER_OBJECT_CONVERSION = YES_AGGRESSIVE;
				CLANG_CXX_LANGUAGE_STANDARD = "gnu++20";
				CLANG_ENABLE_MODULES = YES;
				CLANG_ENABLE_OBJC_ARC = YES;
				CLANG_ENABLE_OBJC_WEAK = YES;
				CLANG_WARN_BLOCK_CAPTURE_AUTORELEASING = YES;
				CLANG_WARN_BOOL_CONVERSION = YES;
				CLANG_WARN_COMMA = YES;
				CLANG_WARN_CONSTANT_CONVERSION = YES;
				CLANG_WARN_DEPRECATED_OBJC_IMPLEMENTATIONS = YES;
				CLANG_WARN_DIRECT_OBJC_ISA_USAGE = YES_ERROR;
				CLANG_WARN_DOCUMENTATION_COMMENTS = YES;
				CLANG_WARN_EMPTY_BODY = YES;
				CLANG_WARN_ENUM_CONVERSION = YES;
				CLANG_WARN_INFINITE_RECURSION = YES;
				CLANG_WARN_INT_CONVERSION = YES;
				CLANG_WARN_NON_LITERAL_NULL_CONVERSION = YES;
				CLANG_WARN_OBJC_IMPLICIT_RETAIN_SELF = YES;
				CLANG_WARN_OBJC_LITERAL_CONVERSION = YES;
				CLANG_WARN_OBJC_ROOT_CLASS = YES_ERROR;
				CLANG_WARN_QUOTED_INCLUDE_IN_FRAMEWORK_HEADER = YES;
				CLANG_WARN_RANGE_LOOP_ANALYSIS = YES;
				CLANG_WARN_STRICT_PROTOTYPES = YES;
				CLANG_WARN_SUSPICIOUS_MOVE = YES;
				CLANG_WARN_UNGUARDED_AVAILABILITY = YES_AGGRESSIVE;
				CLANG_WARN_UNREACHABLE_CODE = YES;
				CLANG_WARN__DUPLICATE_METHOD_MATCH = YES;
				COPY_PHASE_STRIP = NO;
				DEBUG_INFORMATION_FORMAT = "dwarf-with-dsym";
				ENABLE_NS_ASSERTIONS = NO;
				ENABLE_STRICT_OBJC_MSGSEND = YES;
				ENABLE_USER_SCRIPT_SANDBOXING = YES;
				GCC_C_LANGUAGE_STANDARD = gnu17;
				GCC_NO_COMMON_BLOCKS = YES;
				GCC_WARN_64_TO_32_BIT_CONVERSION = YES;
				GCC_WARN_ABOUT_RETURN_TYPE = YES_ERROR;
				GCC_WARN_UNDECLARED_SELECTOR = YES;
				GCC_WARN_UNINITIALIZED_AUTOS = YES_AGGRESSIVE;
				GCC_WARN_UNUSED_FUNCTION = YES;
				GCC_WARN_UNUSED_VARIABLE = YES;
				IPHONEOS_DEPLOYMENT_TARGET = 17.0;
				LOCALIZATION_PREFERS_STRING_CATALOGS = YES;
				MTL_ENABLE_DEBUG_INFO = NO;
				MTL_FAST_MATH = YES;
				SDKROOT = iphoneos;
				SWIFT_COMPILATION_MODE = wholemodule;
				VALIDATE_PRODUCT = YES;
			};
			name = Release;
		};
		76C131252D80348E00E023C8 /* Debug */ = {
			isa = XCBuildConfiguration;
			buildSettings = {
				ASSETCATALOG_COMPILER_APPICON_NAME = AppIcon;
				ASSETCATALOG_COMPILER_GLOBAL_ACCENT_COLOR_NAME = AccentColor;
				CODE_SIGN_STYLE = Automatic;
				CURRENT_PROJECT_VERSION = 1;
				DEVELOPMENT_TEAM = 6LPX7239PT;
				GENERATE_INFOPLIST_FILE = YES;
				INFOPLIST_FILE = "WeatherApp-Dhruv/Info.plist";
				INFOPLIST_KEY_UIApplicationSupportsIndirectInputEvents = YES;
				INFOPLIST_KEY_UILaunchStoryboardName = LaunchScreen;
				INFOPLIST_KEY_UIMainStoryboardFile = Main;
				INFOPLIST_KEY_UISupportedInterfaceOrientations_iPad = "UIInterfaceOrientationPortrait UIInterfaceOrientationPortraitUpsideDown UIInterfaceOrientationLandscapeLeft UIInterfaceOrientationLandscapeRight";
				INFOPLIST_KEY_UISupportedInterfaceOrientations_iPhone = "UIInterfaceOrientationPortrait UIInterfaceOrientationLandscapeLeft UIInterfaceOrientationLandscapeRight";
				LD_RUNPATH_SEARCH_PATHS = (
					"$(inherited)",
					"@executable_path/Frameworks",
				);
				MARKETING_VERSION = 1.0;
				PRODUCT_BUNDLE_IDENTIFIER = "thinkWik.WeatherApp-Dhruv";
				PRODUCT_NAME = "$(TARGET_NAME)";
				SWIFT_EMIT_LOC_STRINGS = YES;
				SWIFT_VERSION = 5.0;
				TARGETED_DEVICE_FAMILY = "1,2";
			};
			name = Debug;
		};
		76C131262D80348E00E023C8 /* Release */ = {
			isa = XCBuildConfiguration;
			buildSettings = {
				ASSETCATALOG_COMPILER_APPICON_NAME = AppIcon;
				ASSETCATALOG_COMPILER_GLOBAL_ACCENT_COLOR_NAME = AccentColor;
				CODE_SIGN_STYLE = Automatic;
				CURRENT_PROJECT_VERSION = 1;
				DEVELOPMENT_TEAM = 6LPX7239PT;
				GENERATE_INFOPLIST_FILE = YES;
				INFOPLIST_FILE = "WeatherApp-Dhruv/Info.plist";
				INFOPLIST_KEY_UIApplicationSupportsIndirectInputEvents = YES;
				INFOPLIST_KEY_UILaunchStoryboardName = LaunchScreen;
				INFOPLIST_KEY_UIMainStoryboardFile = Main;
				INFOPLIST_KEY_UISupportedInterfaceOrientations_iPad = "UIInterfaceOrientationPortrait UIInterfaceOrientationPortraitUpsideDown UIInterfaceOrientationLandscapeLeft UIInterfaceOrientationLandscapeRight";
				INFOPLIST_KEY_UISupportedInterfaceOrientations_iPhone = "UIInterfaceOrientationPortrait UIInterfaceOrientationLandscapeLeft UIInterfaceOrientationLandscapeRight";
				LD_RUNPATH_SEARCH_PATHS = (
					"$(inherited)",
					"@executable_path/Frameworks",
				);
				MARKETING_VERSION = 1.0;
				PRODUCT_BUNDLE_IDENTIFIER = "thinkWik.WeatherApp-Dhruv";
				PRODUCT_NAME = "$(TARGET_NAME)";
				SWIFT_EMIT_LOC_STRINGS = YES;
				SWIFT_VERSION = 5.0;
				TARGETED_DEVICE_FAMILY = "1,2";
			};
			name = Release;
		};
/* End XCBuildConfiguration section */

/* Begin XCConfigurationList section */
		76C1310B2D80348C00E023C8 /* Build configuration list for PBXProject "WeatherApp-Dhruv" */ = {
			isa = XCConfigurationList;
			buildConfigurations = (
				76C131222D80348E00E023C8 /* Debug */,
				76C131232D80348E00E023C8 /* Release */,
			);
			defaultConfigurationIsVisible = 0;
			defaultConfigurationName = Release;
		};
		76C131242D80348E00E023C8 /* Build configuration list for PBXNativeTarget "WeatherApp-Dhruv" */ = {
			isa = XCConfigurationList;
			buildConfigurations = (
				76C131252D80348E00E023C8 /* Debug */,
				76C131262D80348E00E023C8 /* Release */,
			);
			defaultConfigurationIsVisible = 0;
			defaultConfigurationName = Release;
		};
/* End XCConfigurationList section */
	};
	rootObject = 76C131082D80348C00E023C8 /* Project object */;
}
